
Microsoft Visual Studio Solution File, Format Version 12.00
Project("{2150E333-8FDC-42A3-9474-1A3956D46DE8}") = "Serviço de Saldo diário consolidado", "Serviço de Saldo diário consolidado", "{F7F78DE6-6F2C-43FF-8790-4AE3C43DBAFC}"
EndProject
Project("{2150E333-8FDC-42A3-9474-1A3956D46DE8}") = "Serviço de controle de lançamentos", "Serviço de controle de lançamentos", "{7167DDAE-824F-42A3-BC4E-80A438C54A26}"
EndProject
Project("{FAE04EC0-301F-11D3-BF4B-00C04F79EFBC}") = "Financeiro.Domain", "src\Financeiro.Domain\Financeiro.Domain.csproj", "{056B7C1E-B9BC-4866-87B5-0FB26E1A075E}"
EndProject
Project("{2150E333-8FDC-42A3-9474-1A3956D46DE8}") = "Tests", "Tests", "{2BD32391-9D4D-4ABC-8FB5-A4C4EDD6EE12}"
EndProject
Project("{FAE04EC0-301F-11D3-BF4B-00C04F79EFBC}") = "Financeiro.Infrastructure", "src\Financeiro.Infrastructure\Financeiro.Infrastructure.csproj", "{0A99CB9D-8953-4DEC-A8A7-D18299337547}"
EndProject
Project("{FAE04EC0-301F-11D3-BF4B-00C04F79EFBC}") = "Financeiro.Application.Commands", "src\Financeiro.Application.Commands\Financeiro.Application.Commands.csproj", "{CB1BAB53-F74F-4B9D-81E9-79531ABEFFE3}"
EndProject
Project("{FAE04EC0-301F-11D3-BF4B-00C04F79EFBC}") = "Financeiro.Web.Api", "src\Financeiro.Web.Api\Financeiro.Web.Api.csproj", "{B52AD5A4-96AD-4AFE-A7EF-3168D8D90F44}"
EndProject
Project("{2150E333-8FDC-42A3-9474-1A3956D46DE8}") = "Solution Items", "Solution Items", "{9EA5C99C-807C-4A57-AD65-E0420713E0FA}"
	ProjectSection(SolutionItems) = preProject
		compose.yaml = compose.yaml
	EndProjectSection
EndProject
Project("{FAE04EC0-301F-11D3-BF4B-00C04F79EFBC}") = "Financeiro.Shared", "src\Financeiro.Shared\Financeiro.Shared.csproj", "{5BBCDCE3-A43D-42A8-AE48-B1D1F6E55687}"
EndProject
Project("{FAE04EC0-301F-11D3-BF4B-00C04F79EFBC}") = "Financeiro.App", "src\Financeiro.App\Financeiro.App.csproj", "{B7F12BC1-DFCA-46C3-A647-C8DE7636C069}"
EndProject
Project("{FAE04EC0-301F-11D3-BF4B-00C04F79EFBC}") = "Financeiro.Consolidado.Commands", "src\Financeiro.Consolidado.Commands\Financeiro.Consolidado.Commands.csproj", "{0E0D4065-192C-4843-9702-E056F662E344}"
EndProject
Project("{FAE04EC0-301F-11D3-BF4B-00C04F79EFBC}") = "Financeiro.Consolidado.Infrastructure", "src\Financeiro.Consolidado.Infrastructure\Financeiro.Consolidado.Infrastructure.csproj", "{01FF7EF1-DE62-4023-8D3B-46A52B2D87C0}"
EndProject
Project("{FAE04EC0-301F-11D3-BF4B-00C04F79EFBC}") = "Financeiro.Consolidado.Command.Queries", "src\Financeiro.Consolidado.Command.Queries\Financeiro.Consolidado.Command.Queries.csproj", "{38D3590A-55C6-496D-A77E-429D92F1FC73}"
EndProject
Project("{FAE04EC0-301F-11D3-BF4B-00C04F79EFBC}") = "Financeiro.Consolidado.Domain", "src\Financeiro.Consolidado.Domain\Financeiro.Consolidado.Domain.csproj", "{257F5592-92C1-4E17-884F-692D41B96E8E}"
EndProject
Project("{FAE04EC0-301F-11D3-BF4B-00C04F79EFBC}") = "Financeiro.Consolidado.Web.Api", "src\Financeiro.Consolidado.Web.Api\Financeiro.Consolidado.Web.Api.csproj", "{0DCF15CD-45F2-4A96-A9F3-F9420F7FE0C5}"
EndProject
Project("{2150E333-8FDC-42A3-9474-1A3956D46DE8}") = "Tests", "Tests", "{C8D94180-C0BD-4156-86E4-793F676CD60C}"
EndProject
Project("{2150E333-8FDC-42A3-9474-1A3956D46DE8}") = "Front-end", "Front-end", "{A9BDB7CF-7CE6-4295-9055-61A59EEABCB7}"
EndProject
Project("{FAE04EC0-301F-11D3-BF4B-00C04F79EFBC}") = "Financeiro.Lancamento.Consolidado.App", "src\Financeiro.Lancamento.Consolidado.App\Financeiro.Lancamento.Consolidado.App.csproj", "{39282F97-D1E8-4660-8B09-C7F9B7D11594}"
EndProject
Project("{FAE04EC0-301F-11D3-BF4B-00C04F79EFBC}") = "Financeiro.Application.Unit.Tests", "src\Tests\Financeiro.Application.Unit.Tests\Financeiro.Application.Unit.Tests.csproj", "{305683B6-A702-40AA-8D0E-EACE2963EA6B}"
EndProject
Project("{FAE04EC0-301F-11D3-BF4B-00C04F79EFBC}") = "Financeiro.Domain.Unit.Tests", "src\Tests\Financeiro.Domain.Unit.Tests\Financeiro.Domain.Unit.Tests.csproj", "{CA9AD9EA-6779-45AF-8E74-531AFFD7331D}"
EndProject
Project("{FAE04EC0-301F-11D3-BF4B-00C04F79EFBC}") = "Financeiro.SpecFlow.Integration.Tests", "src\Tests\Financeiro.SpecFlow.Integration.Tests\Financeiro.SpecFlow.Integration.Tests.csproj", "{C3360E39-3DED-4BB3-BB9E-6EF1FFD3EA64}"
EndProject
Project("{FAE04EC0-301F-11D3-BF4B-00C04F79EFBC}") = "Financeiro.Consolidado.Application.Unit.Tests", "src\Tests\Financeiro.Consolidado.Application.Unit.Tests\Financeiro.Consolidado.Application.Unit.Tests.csproj", "{F228EC23-DD8F-40F0-A9EF-2C89D70ABA54}"
EndProject
Project("{FAE04EC0-301F-11D3-BF4B-00C04F79EFBC}") = "Financeiro.Consolidado.Domain.Unit.Tests", "src\Tests\Financeiro.Consolidado.Domain.Unit.Tests\Financeiro.Consolidado.Domain.Unit.Tests.csproj", "{7302EFAC-A1E8-4CC8-B71B-EE592C1102F1}"
EndProject
Global
	GlobalSection(SolutionConfigurationPlatforms) = preSolution
		Debug|Any CPU = Debug|Any CPU
		Release|Any CPU = Release|Any CPU
	EndGlobalSection
	GlobalSection(NestedProjects) = preSolution
		{056B7C1E-B9BC-4866-87B5-0FB26E1A075E} = {7167DDAE-824F-42A3-BC4E-80A438C54A26}
		{2BD32391-9D4D-4ABC-8FB5-A4C4EDD6EE12} = {7167DDAE-824F-42A3-BC4E-80A438C54A26}
		{0A99CB9D-8953-4DEC-A8A7-D18299337547} = {7167DDAE-824F-42A3-BC4E-80A438C54A26}
		{CB1BAB53-F74F-4B9D-81E9-79531ABEFFE3} = {7167DDAE-824F-42A3-BC4E-80A438C54A26}
		{B52AD5A4-96AD-4AFE-A7EF-3168D8D90F44} = {7167DDAE-824F-42A3-BC4E-80A438C54A26}
		{0E0D4065-192C-4843-9702-E056F662E344} = {F7F78DE6-6F2C-43FF-8790-4AE3C43DBAFC}
		{01FF7EF1-DE62-4023-8D3B-46A52B2D87C0} = {F7F78DE6-6F2C-43FF-8790-4AE3C43DBAFC}
		{38D3590A-55C6-496D-A77E-429D92F1FC73} = {F7F78DE6-6F2C-43FF-8790-4AE3C43DBAFC}
		{257F5592-92C1-4E17-884F-692D41B96E8E} = {F7F78DE6-6F2C-43FF-8790-4AE3C43DBAFC}
		{0DCF15CD-45F2-4A96-A9F3-F9420F7FE0C5} = {F7F78DE6-6F2C-43FF-8790-4AE3C43DBAFC}
		{C8D94180-C0BD-4156-86E4-793F676CD60C} = {F7F78DE6-6F2C-43FF-8790-4AE3C43DBAFC}
		{B7F12BC1-DFCA-46C3-A647-C8DE7636C069} = {A9BDB7CF-7CE6-4295-9055-61A59EEABCB7}
		{39282F97-D1E8-4660-8B09-C7F9B7D11594} = {A9BDB7CF-7CE6-4295-9055-61A59EEABCB7}
		{305683B6-A702-40AA-8D0E-EACE2963EA6B} = {2BD32391-9D4D-4ABC-8FB5-A4C4EDD6EE12}
		{CA9AD9EA-6779-45AF-8E74-531AFFD7331D} = {2BD32391-9D4D-4ABC-8FB5-A4C4EDD6EE12}
		{C3360E39-3DED-4BB3-BB9E-6EF1FFD3EA64} = {2BD32391-9D4D-4ABC-8FB5-A4C4EDD6EE12}
		{F228EC23-DD8F-40F0-A9EF-2C89D70ABA54} = {C8D94180-C0BD-4156-86E4-793F676CD60C}
		{7302EFAC-A1E8-4CC8-B71B-EE592C1102F1} = {C8D94180-C0BD-4156-86E4-793F676CD60C}
	EndGlobalSection
	GlobalSection(ProjectConfigurationPlatforms) = postSolution
		{056B7C1E-B9BC-4866-87B5-0FB26E1A075E}.Debug|Any CPU.ActiveCfg = Debug|Any CPU
		{056B7C1E-B9BC-4866-87B5-0FB26E1A075E}.Debug|Any CPU.Build.0 = Debug|Any CPU
		{056B7C1E-B9BC-4866-87B5-0FB26E1A075E}.Release|Any CPU.ActiveCfg = Release|Any CPU
		{056B7C1E-B9BC-4866-87B5-0FB26E1A075E}.Release|Any CPU.Build.0 = Release|Any CPU
		{0A99CB9D-8953-4DEC-A8A7-D18299337547}.Debug|Any CPU.ActiveCfg = Debug|Any CPU
		{0A99CB9D-8953-4DEC-A8A7-D18299337547}.Debug|Any CPU.Build.0 = Debug|Any CPU
		{0A99CB9D-8953-4DEC-A8A7-D18299337547}.Release|Any CPU.ActiveCfg = Release|Any CPU
		{0A99CB9D-8953-4DEC-A8A7-D18299337547}.Release|Any CPU.Build.0 = Release|Any CPU
		{CB1BAB53-F74F-4B9D-81E9-79531ABEFFE3}.Debug|Any CPU.ActiveCfg = Debug|Any CPU
		{CB1BAB53-F74F-4B9D-81E9-79531ABEFFE3}.Debug|Any CPU.Build.0 = Debug|Any CPU
		{CB1BAB53-F74F-4B9D-81E9-79531ABEFFE3}.Release|Any CPU.ActiveCfg = Release|Any CPU
		{CB1BAB53-F74F-4B9D-81E9-79531ABEFFE3}.Release|Any CPU.Build.0 = Release|Any CPU
		{B52AD5A4-96AD-4AFE-A7EF-3168D8D90F44}.Debug|Any CPU.ActiveCfg = Debug|Any CPU
		{B52AD5A4-96AD-4AFE-A7EF-3168D8D90F44}.Debug|Any CPU.Build.0 = Debug|Any CPU
		{B52AD5A4-96AD-4AFE-A7EF-3168D8D90F44}.Release|Any CPU.ActiveCfg = Release|Any CPU
		{B52AD5A4-96AD-4AFE-A7EF-3168D8D90F44}.Release|Any CPU.Build.0 = Release|Any CPU
		{5BBCDCE3-A43D-42A8-AE48-B1D1F6E55687}.Debug|Any CPU.ActiveCfg = Debug|Any CPU
		{5BBCDCE3-A43D-42A8-AE48-B1D1F6E55687}.Debug|Any CPU.Build.0 = Debug|Any CPU
		{5BBCDCE3-A43D-42A8-AE48-B1D1F6E55687}.Release|Any CPU.ActiveCfg = Release|Any CPU
		{5BBCDCE3-A43D-42A8-AE48-B1D1F6E55687}.Release|Any CPU.Build.0 = Release|Any CPU
		{B7F12BC1-DFCA-46C3-A647-C8DE7636C069}.Debug|Any CPU.ActiveCfg = Debug|Any CPU
		{B7F12BC1-DFCA-46C3-A647-C8DE7636C069}.Debug|Any CPU.Build.0 = Debug|Any CPU
		{B7F12BC1-DFCA-46C3-A647-C8DE7636C069}.Release|Any CPU.ActiveCfg = Release|Any CPU
		{B7F12BC1-DFCA-46C3-A647-C8DE7636C069}.Release|Any CPU.Build.0 = Release|Any CPU
		{0E0D4065-192C-4843-9702-E056F662E344}.Debug|Any CPU.ActiveCfg = Debug|Any CPU
		{0E0D4065-192C-4843-9702-E056F662E344}.Debug|Any CPU.Build.0 = Debug|Any CPU
		{0E0D4065-192C-4843-9702-E056F662E344}.Release|Any CPU.ActiveCfg = Release|Any CPU
		{0E0D4065-192C-4843-9702-E056F662E344}.Release|Any CPU.Build.0 = Release|Any CPU
		{01FF7EF1-DE62-4023-8D3B-46A52B2D87C0}.Debug|Any CPU.ActiveCfg = Debug|Any CPU
		{01FF7EF1-DE62-4023-8D3B-46A52B2D87C0}.Debug|Any CPU.Build.0 = Debug|Any CPU
		{01FF7EF1-DE62-4023-8D3B-46A52B2D87C0}.Release|Any CPU.ActiveCfg = Release|Any CPU
		{01FF7EF1-DE62-4023-8D3B-46A52B2D87C0}.Release|Any CPU.Build.0 = Release|Any CPU
		{38D3590A-55C6-496D-A77E-429D92F1FC73}.Debug|Any CPU.ActiveCfg = Debug|Any CPU
		{38D3590A-55C6-496D-A77E-429D92F1FC73}.Debug|Any CPU.Build.0 = Debug|Any CPU
		{38D3590A-55C6-496D-A77E-429D92F1FC73}.Release|Any CPU.ActiveCfg = Release|Any CPU
		{38D3590A-55C6-496D-A77E-429D92F1FC73}.Release|Any CPU.Build.0 = Release|Any CPU
		{257F5592-92C1-4E17-884F-692D41B96E8E}.Debug|Any CPU.ActiveCfg = Debug|Any CPU
		{257F5592-92C1-4E17-884F-692D41B96E8E}.Debug|Any CPU.Build.0 = Debug|Any CPU
		{257F5592-92C1-4E17-884F-692D41B96E8E}.Release|Any CPU.ActiveCfg = Release|Any CPU
		{257F5592-92C1-4E17-884F-692D41B96E8E}.Release|Any CPU.Build.0 = Release|Any CPU
		{0DCF15CD-45F2-4A96-A9F3-F9420F7FE0C5}.Debug|Any CPU.ActiveCfg = Debug|Any CPU
		{0DCF15CD-45F2-4A96-A9F3-F9420F7FE0C5}.Debug|Any CPU.Build.0 = Debug|Any CPU
		{0DCF15CD-45F2-4A96-A9F3-F9420F7FE0C5}.Release|Any CPU.ActiveCfg = Release|Any CPU
		{0DCF15CD-45F2-4A96-A9F3-F9420F7FE0C5}.Release|Any CPU.Build.0 = Release|Any CPU
		{39282F97-D1E8-4660-8B09-C7F9B7D11594}.Debug|Any CPU.ActiveCfg = Debug|Any CPU
		{39282F97-D1E8-4660-8B09-C7F9B7D11594}.Debug|Any CPU.Build.0 = Debug|Any CPU
		{39282F97-D1E8-4660-8B09-C7F9B7D11594}.Release|Any CPU.ActiveCfg = Release|Any CPU
		{39282F97-D1E8-4660-8B09-C7F9B7D11594}.Release|Any CPU.Build.0 = Release|Any CPU
		{305683B6-A702-40AA-8D0E-EACE2963EA6B}.Debug|Any CPU.ActiveCfg = Debug|Any CPU
		{305683B6-A702-40AA-8D0E-EACE2963EA6B}.Debug|Any CPU.Build.0 = Debug|Any CPU
		{305683B6-A702-40AA-8D0E-EACE2963EA6B}.Release|Any CPU.ActiveCfg = Release|Any CPU
		{305683B6-A702-40AA-8D0E-EACE2963EA6B}.Release|Any CPU.Build.0 = Release|Any CPU
		{CA9AD9EA-6779-45AF-8E74-531AFFD7331D}.Debug|Any CPU.ActiveCfg = Debug|Any CPU
		{CA9AD9EA-6779-45AF-8E74-531AFFD7331D}.Debug|Any CPU.Build.0 = Debug|Any CPU
		{CA9AD9EA-6779-45AF-8E74-531AFFD7331D}.Release|Any CPU.ActiveCfg = Release|Any CPU
		{CA9AD9EA-6779-45AF-8E74-531AFFD7331D}.Release|Any CPU.Build.0 = Release|Any CPU
		{C3360E39-3DED-4BB3-BB9E-6EF1FFD3EA64}.Debug|Any CPU.ActiveCfg = Debug|Any CPU
		{C3360E39-3DED-4BB3-BB9E-6EF1FFD3EA64}.Debug|Any CPU.Build.0 = Debug|Any CPU
		{C3360E39-3DED-4BB3-BB9E-6EF1FFD3EA64}.Release|Any CPU.ActiveCfg = Release|Any CPU
		{C3360E39-3DED-4BB3-BB9E-6EF1FFD3EA64}.Release|Any CPU.Build.0 = Release|Any CPU
		{F228EC23-DD8F-40F0-A9EF-2C89D70ABA54}.Debug|Any CPU.ActiveCfg = Debug|Any CPU
		{F228EC23-DD8F-40F0-A9EF-2C89D70ABA54}.Debug|Any CPU.Build.0 = Debug|Any CPU
		{F228EC23-DD8F-40F0-A9EF-2C89D70ABA54}.Release|Any CPU.ActiveCfg = Release|Any CPU
		{F228EC23-DD8F-40F0-A9EF-2C89D70ABA54}.Release|Any CPU.Build.0 = Release|Any CPU
		{7302EFAC-A1E8-4CC8-B71B-EE592C1102F1}.Debug|Any CPU.ActiveCfg = Debug|Any CPU
		{7302EFAC-A1E8-4CC8-B71B-EE592C1102F1}.Debug|Any CPU.Build.0 = Debug|Any CPU
		{7302EFAC-A1E8-4CC8-B71B-EE592C1102F1}.Release|Any CPU.ActiveCfg = Release|Any CPU
		{7302EFAC-A1E8-4CC8-B71B-EE592C1102F1}.Release|Any CPU.Build.0 = Release|Any CPU
	EndGlobalSection
EndGlobal
